{
  "version": 2,
  "dependencies": {
    "net10.0-windows10.0.26100": {
      "CommunityToolkit.Mvvm": {
        "type": "Direct",
        "requested": "[8.4.0, )",
        "resolved": "8.4.0",
        "contentHash": "tqVU8yc/ADO9oiTRyTnwhFN68hCwvkliMierptWOudIAvWY1mWCh5VFh+guwHJmpMwfg0J0rY+yyd5Oy7ty9Uw=="
      },
      "Microsoft.Extensions.Hosting": {
        "type": "Direct",
        "requested": "[10.0.11, )",
        "resolved": "10.0.11",
        "contentHash": "eIDa/Rl+93aj17gMlFsJJx+LhBvb3CP0Mu1PeVYkDp2Y3S4Jock8UynfGQEcx7lrlq+gKW+ECQJHbro/LTPDEQ==",
        "dependencies": {
          "Microsoft.Extensions.Configuration": "10.0.11",
          "Microsoft.Extensions.Configuration.Abstractions": "10.0.11",
          "Microsoft.Extensions.Configuration.Binder": "10.0.11",
          "Microsoft.Extensions.Configuration.CommandLine": "10.0.11",
          "Microsoft.Extensions.Configuration.EnvironmentVariables": "10.0.11",
          "Microsoft.Extensions.Configuration.FileExtensions": "10.0.11",
          "Microsoft.Extensions.Configuration.Json": "10.0.11",
          "Microsoft.Extensions.Configuration.UserSecrets": "10.0.11",
          "Microsoft.Extensions.DependencyInjection": "10.0.11",
          "Microsoft.Extensions.DependencyInjection.Abstractions": "10.0.11",
          "Microsoft.Extensions.Diagnostics": "10.0.11",
          "Microsoft.Extensions.FileProviders.Abstractions": "10.0.11",
          "Microsoft.Extensions.FileProviders.Physical": "10.0.11",
          "Microsoft.Extensions.Hosting.Abstractions": "10.0.11",
          "Microsoft.Extensions.Logging": "10.0.11",
          "Microsoft.Extensions.Logging.Abstractions": "10.0.11",
          "Microsoft.Extensions.Logging.Configuration": "10.0.11",
          "Microsoft.Extensions.Logging.Console": "10.0.11",
          "Microsoft.Extensions.Logging.Debug": "10.0.11",
          "Microsoft.Extensions.Logging.EventLog": "10.0.11",
          "Microsoft.Extensions.Logging.EventSource": "10.0.11",
          "Microsoft.Extensions.Options": "10.0.11"
        }
      },
      "Microsoft.Windows.SDK.BuildTools": {
        "type": "Direct",
        "requested": "[10.0.28000.2705, )",
        "resolved": "10.0.28000.2705",
        "contentHash": "TZQ96xtu7+fyFsyJCgj6Hazru0H8G1kiE1CeZLGpsqT4xKQmkxWu9yRuxYLeHJECjqEHN7duZUTcdbt8zlQ8OQ=="
      },
      "Microsoft.WindowsAppSDK": {
        "type": "Direct",
        "requested": "[2.4.0, )",
        "resolved": "2.4.0",
        "contentHash": "sdS48CFL5EqzFB5a63Rr6qdK5l8NqmxWKJ/DXwsF8waCDLXdD8SjSnIOfpxzq4f4aUhaeXEAwVRA9rD8QvM+2g==",
        "dependencies": {
          "Microsoft.WindowsAppSDK.AI": "2.4.4",
          "Microsoft.WindowsAppSDK.Base": "2.0.4",
          "Microsoft.WindowsAppSDK.DWrite": "2.1.0",
          "Microsoft.WindowsAppSDK.Foundation": "2.3.9",
          "Microsoft.WindowsAppSDK.InteractiveExperiences": "2.1.6",
          "Microsoft.WindowsAppSDK.ML": "2.1.74",
          "Microsoft.WindowsAppSDK.Runtime": "[2.4.0]",
          "Microsoft.WindowsAppSDK.Search": "2.4.4",
          "Microsoft.WindowsAppSDK.Widgets": "2.0.5",
          "Microsoft.WindowsAppSDK.WinUI": "2.3.6"
        }
      },
      "Serilog": {
        "type": "Direct",
        "requested": "[4.3.0, )",
        "resolved": "4.3.0",
        "contentHash": "+cDryFR0GRhsGOnZSKwaDzRRl4MupvJ42FhCE4zhQRVanX0Jpg6WuCBk59OVhVDPmab1bB+nRykAnykYELA9qQ=="
      },
      "Serilog.Extensions.Hosting": {
        "type": "Direct",
        "requested": "[10.0.0, )",
        "resolved": "10.0.0",
        "contentHash": "E7juuIc+gzoGxgzFooFgAV8g9BfiSXNKsUok9NmEpyAXg2odkcPsMa/Yo4axkJRlh0se7mkYQ1GXDaBemR+b6w==",
        "dependencies": {
          "Microsoft.Extensions.DependencyInjection.Abstractions": "10.0.0",
          "Microsoft.Extensions.Hosting.Abstractions": "10.0.0",
          "Microsoft.Extensions.Logging.Abstractions": "10.0.0",
          "Serilog": "4.3.0",
          "Serilog.Extensions.Logging": "10.0.0"
        }
      },
      "Serilog.Sinks.File": {
        "type": "Direct",
        "requested": "[7.0.0, )",
        "resolved": "7.0.0",
        "contentHash": "fKL7mXv7qaiNBUC71ssvn/dU0k9t0o45+qm2XgKAlSt19xF+ijjxyA3R6HmCgfKEKwfcfkwWjayuQtRueZFkYw==",
        "dependencies": {
          "Serilog": "4.2.0"
        }
      },
      "System.Security.Cryptography.ProtectedData": {
        "type": "Direct",
        "requested": "[10.0.11, )",
        "resolved": "10.0.11",
        "contentHash": "PNoxCTPb+Tlux+GJyq4c89ddYdpioVSqfGx8pqOF6shCSKwUNNctXhQtRkCICjbJmGrJJsW8NY52kVYO/b8mlQ=="
      },
      "Common.Logging": {
        "type": "Transitive",
        "resolved": "3.4.1",
        "contentHash": "5eZ/vgEOqzLg4PypZqnJ+wMhhgHyckicbZY4iDxqQ4FtOz0CpdYZ0xQ78aszMzeAJZiLLb5VdR9tPfunVQLz6g==",
        "dependencies": {
          "Common.Logging.Core": "3.4.1"
        }
      },
      "Common.Logging.Core": {
        "type": "Transitive",
        "resolved": "3.4.1",
        "contentHash": "wLHldZHvxsSD6Ahonfj00/SkfHfKqO+YT6jsUwVm8Rch1REL9IArHAcSLXxYxYfu5/4ydGtmXvOtaH3AkVPu0A=="
      },
      "Makaretu.Dns.New": {
        "type": "Transitive",
        "resolved": "3.1.2",
        "contentHash": "lfIb0DccotDa52dVdim3KROZaxCqI1lkYdlTdxUxWaP2kkerQJm91udzQ9bGMjB+mL3V/OPpUwx3pRrsoKT47g=="
      },
      "Microsoft.Extensions.Configuration": {
        "type": "Transitive",
        "resolved": "10.0.11",
        "contentHash": "wlhRqZW8LcJPa+vk2oLAc/REXDItHtkFQdf/QcXYGZbZOO13izcsKY1pCvuFQYwUiZD+hwSZwsKASjqT+BNaVg==",
        "dependencies": {
          "Microsoft.Extensions.Configuration.Abstractions": "10.0.11",
          "Microsoft.Extensions.Primitives": "10.0.11"
        }
      },
      "Microsoft.Extensions.Configuration.Abstractions": {
        "type": "Transitive",
        "resolved": "10.0.11",
        "contentHash": "fVi053xdpda9Em7vSkmgVxO/PtgC2m78ekReKWsgcyskqY0U82Bz/MONwxpGzI0hElYKJfw+fupqMVeKW3fSaA==",
        "dependencies": {
          "Microsoft.Extensions.Primitives": "10.0.11"
        }
      },
      "Microsoft.Extensions.Configuration.Binder": {
        "type": "Transitive",
        "resolved": "10.0.11",
        "contentHash": "rFn8RuszZn3qquPVkDytMUlPc2+rXl9MCoygwc1XmAgC5vg5/oXJ8hkOosOrLoBLsqdTy4lFwP6iQdPS9uSYOA==",
        "dependencies": {
          "Microsoft.Extensions.Configuration": "10.0.11",
          "Microsoft.Extensions.Configuration.Abstractions": "10.0.11"
        }
      },
      "Microsoft.Extensions.Configuration.CommandLine": {
        "type": "Transitive",
        "resolved": "10.0.11",
        "contentHash": "1KHr/1L56llwQ/yI0tAisEA31UpPsn8aasjASIwELOaN4JIUcbjuQBMdFOIzfNBBeULoUa0XfBe5QDtRRUY+fg==",
        "dependencies": {
          "Microsoft.Extensions.Configuration": "10.0.11",
          "Microsoft.Extensions.Configuration.Abstractions": "10.0.11"
        }
      },
      "Microsoft.Extensions.Configuration.EnvironmentVariables": {
        "type": "Transitive",
        "resolved": "10.0.11",
        "contentHash": "KICyU3eVi5jvloKm01EXV69L97H/zkhISVtV98cIuzuFOxNx3xTUVcXqvWTz3aq7OvUuDB/MFlPFjmxRaKF7/A==",
        "dependencies": {
          "Microsoft.Extensions.Configuration": "10.0.11",
          "Microsoft.Extensions.Configuration.Abstractions": "10.0.11"
        }
      },
      "Microsoft.Extensions.Configuration.FileExtensions": {
        "type": "Transitive",
        "resolved": "10.0.11",
        "contentHash": "mDW7KVFB05M6jiRUyaZiOMWhS31n5HlSZwoYctHAZAucD4sMDJ70IxOmkGDt6RpstchD+keWBjhdzcMpSkWvWQ==",
        "dependencies": {
          "Microsoft.Extensions.Configuration": "10.0.11",
          "Microsoft.Extensions.Configuration.Abstractions": "10.0.11",
          "Microsoft.Extensions.FileProviders.Abstractions": "10.0.11",
          "Microsoft.Extensions.FileProviders.Physical": "10.0.11",
          "Microsoft.Extensions.Primitives": "10.0.11"
        }
      },
      "Microsoft.Extensions.Configuration.Json": {
        "type": "Transitive",
        "resolved": "10.0.11",
        "contentHash": "nSPrT8U/cNoB4coqkmnanAMK9PsL7lsjG+LLUKEwHRFwS6E78b8S1wdv/y88EOxBhasWov1rLd7RTHmmsYPOLg==",
        "dependencies": {
          "Microsoft.Extensions.Configuration": "10.0.11",
          "Microsoft.Extensions.Configuration.Abstractions": "10.0.11",
          "Microsoft.Extensions.Configuration.FileExtensions": "10.0.11",
          "Microsoft.Extensions.FileProviders.Abstractions": "10.0.11"
        }
      },
      "Microsoft.Extensions.Configuration.UserSecrets": {
        "type": "Transitive",
        "resolved": "10.0.11",
        "contentHash": "BRliLdUowglV8GS+J1G/QsSofCJYYFg3U8QZx0ACRn+a91az/Qnpy+h6PyHS94WgV2TSazX5D/cuuk6wnCJatw==",
        "dependencies": {
          "Microsoft.Extensions.Configuration.Abstractions": "10.0.11",
          "Microsoft.Extensions.Configuration.Json": "10.0.11",
          "Microsoft.Extensions.FileProviders.Abstractions": "10.0.11",
          "Microsoft.Extensions.FileProviders.Physical": "10.0.11"
        }
      },
      "Microsoft.Extensions.DependencyInjection": {
        "type": "Transitive",
        "resolved": "10.0.11",
        "contentHash": "PSmotV19c7E3lKed++uYo1kSiXFI+uTl37CBSrhq+CfLC3FCHjG7R91+xPnNehQfHS1b0Tzo/CCLPWH3qaEheg==",
        "dependencies": {
          "Microsoft.Extensions.DependencyInjection.Abstractions": "10.0.11"
        }
      },
      "Microsoft.Extensions.DependencyInjection.Abstractions": {
        "type": "Transitive",
        "resolved": "10.0.11",
        "contentHash": "/a1aJz4m7ylhEDf25ugQChLQoN5XwoGjWw/BoR/ZWWKsO1v4DdJElS1uyngahz4B/eOzjFk1KNTkarRLE5wsIg=="
      },
      "Microsoft.Extensions.Diagnostics": {
        "type": "Transitive",
        "resolved": "10.0.11",
        "contentHash": "HT70uGPxMLqqnOzKMcnQtDmeV4r0KHr4qVCLhP7SXil9jMEm8sQXwcybxVVFGXZJ1V44xV0mLqQ54aZbcR2OiQ==",
        "dependencies": {
          "Microsoft.Extensions.Configuration": "10.0.11",
          "Microsoft.Extensions.Diagnostics.Abstractions": "10.0.11",
          "Microsoft.Extensions.Options.ConfigurationExtensions": "10.0.11"
        }
      },
      "Microsoft.Extensions.Diagnostics.Abstractions": {
        "type": "Transitive",
        "resolved": "10.0.11",
        "contentHash": "se7Kx8QpJEt+nf26L4qIVAofGTDr1wbexxsh/Fm3Xc04xUkqUXK06KUS7FLwSQYSjqb7q9n+T7MEcXYBhI1Y5g==",
        "dependencies": {
          "Microsoft.Extensions.DependencyInjection.Abstractions": "10.0.11",
          "Microsoft.Extensions.Options": "10.0.11"
        }
      },
      "Microsoft.Extensions.FileProviders.Abstractions": {
        "type": "Transitive",
        "resolved": "10.0.11",
        "contentHash": "JOjac6SQQgZmdmB8WGEw61/7siqMZoWJMkmq2p1goJGxqI59lO6oB4bOl0jNsbaPBdYy5Mlkb+6U7T4+CjnD8Q==",
        "dependencies": {
          "Microsoft.Extensions.Primitives": "10.0.11"
        }
      },
      "Microsoft.Extensions.FileProviders.Physical": {
        "type": "Transitive",
        "resolved": "10.0.11",
        "contentHash": "Tq/UqMaczePv9yWwSsJZRgKtgA46djVR5xHj/lZBCueQ3ag8f9v5mu0EdhrNx7tXxNk+Y9OurG2oKuSKINjr0A==",
        "dependencies": {
          "Microsoft.Extensions.FileProviders.Abstractions": "10.0.11",
          "Microsoft.Extensions.FileSystemGlobbing": "10.0.11",
          "Microsoft.Extensions.Primitives": "10.0.11"
        }
      },
      "Microsoft.Extensions.FileSystemGlobbing": {
        "type": "Transitive",
        "resolved": "10.0.11",
        "contentHash": "2i6rtW/B5rCnWCnhdmWWEmaM9O0HD0zsPY9eRqa++y4tclI3Uw8zvGbBvhY/LjAdtf8gUHhUPcAWj3DRlWMXmQ=="
      },
      "Microsoft.Extensions.Hosting.Abstractions": {
        "type": "Transitive",
        "resolved": "10.0.11",
        "contentHash": "pwtpF7iF/NNaOBcX+pvMZ7y2+JAVbH5KkNrH9uMZtuVxVJsFTDiWiCR7Tk3HVptsAijaetipUZVRVK2LLq+nvA==",
        "dependencies": {
          "Microsoft.Extensions.Configuration.Abstractions": "10.0.11",
          "Microsoft.Extensions.DependencyInjection.Abstractions": "10.0.11",
          "Microsoft.Extensions.Diagnostics.Abstractions": "10.0.11",
          "Microsoft.Extensions.FileProviders.Abstractions": "10.0.11",
          "Microsoft.Extensions.Logging.Abstractions": "10.0.11"
        }
      },
      "Microsoft.Extensions.Logging": {
        "type": "Transitive",
        "resolved": "10.0.11",
        "contentHash": "nUOJwgFkSiLHiVGFpU22pIJtuWYewuSYQ3JVuP/gdK8ASMT807Px+TYQiRWs6uSsOmoyFTaVCwKXTasczV6BpA==",
        "dependencies": {
          "Microsoft.Extensions.DependencyInjection": "10.0.11",
          "Microsoft.Extensions.Logging.Abstractions": "10.0.11",
          "Microsoft.Extensions.Options": "10.0.11"
        }
      },
      "Microsoft.Extensions.Logging.Configuration": {
        "type": "Transitive",
        "resolved": "10.0.11",
        "contentHash": "S7LvLeVHKNPaY2NMyxW7c2TBGsLgxoSUBCV5Ev5iN8kgC7EPR2UB7eW7vHsElGMcIUDwRmoxLfvGDynCn3q6EA==",
        "dependencies": {
          "Microsoft.Extensions.Configuration": "10.0.11",
          "Microsoft.Extensions.Configuration.Abstractions": "10.0.11",
          "Microsoft.Extensions.Configuration.Binder": "10.0.11",
          "Microsoft.Extensions.DependencyInjection.Abstractions": "10.0.11",
          "Microsoft.Extensions.Logging": "10.0.11",
          "Microsoft.Extensions.Logging.Abstractions": "10.0.11",
          "Microsoft.Extensions.Options": "10.0.11",
          "Microsoft.Extensions.Options.ConfigurationExtensions": "10.0.11"
        }
      },
      "Microsoft.Extensions.Logging.Console": {
        "type": "Transitive",
        "resolved": "10.0.11",
        "contentHash": "dFc0yDudyD1iIg6z9XT7ofsT3hVO7Y4ylrxGHIVRR0GaZ4CUk4ujOrMoy7wWEdNHZhvJooySg6hZpOxyS8zEVA==",
        "dependencies": {
          "Microsoft.Extensions.DependencyInjection.Abstractions": "10.0.11",
          "Microsoft.Extensions.Logging": "10.0.11",
          "Microsoft.Extensions.Logging.Abstractions": "10.0.11",
          "Microsoft.Extensions.Logging.Configuration": "10.0.11",
          "Microsoft.Extensions.Options": "10.0.11"
        }
      },
      "Microsoft.Extensions.Logging.Debug": {
        "type": "Transitive",
        "resolved": "10.0.11",
        "contentHash": "wr+j1bjdFXhc8lKTLoq+RbwFM8M+orcMS9xrcqLmDGOxJcXpKizEeE5h6v/GKwCZV02FmhaA7OlNjoq072jZpQ==",
        "dependencies": {
          "Microsoft.Extensions.DependencyInjection.Abstractions": "10.0.11",
          "Microsoft.Extensions.Logging": "10.0.11",
          "Microsoft.Extensions.Logging.Abstractions": "10.0.11"
        }
      },
      "Microsoft.Extensions.Logging.EventLog": {
        "type": "Transitive",
        "resolved": "10.0.11",
        "contentHash": "Eck9GpCCpvZ3f6L7IUlN+mPtRVefnf7PsiIG5vi61QawPtLNCEAv2TPD/M3SojcU0PFaef+BxiVGPOShFHtDog==",
        "dependencies": {
          "Microsoft.Extensions.DependencyInjection.Abstractions": "10.0.11",
          "Microsoft.Extensions.Logging": "10.0.11",
          "Microsoft.Extensions.Logging.Abstractions": "10.0.11",
          "Microsoft.Extensions.Options": "10.0.11",
          "System.Diagnostics.EventLog": "10.0.11"
        }
      },
      "Microsoft.Extensions.Logging.EventSource": {
        "type": "Transitive",
        "resolved": "10.0.11",
        "contentHash": "hs6QWECLLohi2VKqUvSGRUvrg7eXR1DqKL95Jrtz3cdD2g2nBA+yJPdRQLZ7SLmnTZWycxfMDK2s0ho+rfst5w==",
        "dependencies": {
          "Microsoft.Extensions.DependencyInjection.Abstractions": "10.0.11",
          "Microsoft.Extensions.Logging": "10.0.11",
          "Microsoft.Extensions.Logging.Abstractions": "10.0.11",
          "Microsoft.Extensions.Options": "10.0.11",
          "Microsoft.Extensions.Primitives": "10.0.11"
        }
      },
      "Microsoft.Extensions.Options": {
        "type": "Transitive",
        "resolved": "10.0.11",
        "contentHash": "eY1GAKcTfD2maP27J84X9IovT3yjHJ2dVDzPmDg6/XqYvt3jMzJhtfQCLjG9pVsZGAd+8DQ2QrjaDcs2+VQLGw==",
        "dependencies": {
          "Microsoft.Extensions.DependencyInjection.Abstractions": "10.0.11",
          "Microsoft.Extensions.Primitives": "10.0.11"
        }
      },
      "Microsoft.Extensions.Options.ConfigurationExtensions": {
        "type": "Transitive",
        "resolved": "10.0.11",
        "contentHash": "syEhXQ/sEaSBFaqzlp9gDGHX/nk6gkQkh1sIUpBO1mlBj3Phu1rmb4ML1uCiyPW9N6Kxfxv3y5FGObC+bV01Qw==",
        "dependencies": {
          "Microsoft.Extensions.Configuration.Abstractions": "10.0.11",
          "Microsoft.Extensions.Configuration.Binder": "10.0.11",
          "Microsoft.Extensions.DependencyInjection.Abstractions": "10.0.11",
          "Microsoft.Extensions.Options": "10.0.11",
          "Microsoft.Extensions.Primitives": "10.0.11"
        }
      },
      "Microsoft.Extensions.Primitives": {
        "type": "Transitive",
        "resolved": "10.0.11",
        "contentHash": "SXcz+kF+4Oo9b1+55zntpJFYfwb1jw66ioxptyNOOTDc8g2FHnBFWjZpsWfCvZIhzr0x+4e2trVTs4OKwQfBtw=="
      },
      "Microsoft.Web.WebView2": {
        "type": "Transitive",
        "resolved": "1.0.3719.77",
        "contentHash": "t+ucyKw5NTwMjsUrDF6R9Lk40lpcKQD1/HgyGFxl49tdA4h9dKlsj6FYGEmDRpFNfnTpENuTypMcdbrlkqBdDA=="
      },
      "Microsoft.Windows.AI.MachineLearning": {
        "type": "Transitive",
        "resolved": "2.1.74",
        "contentHash": "/Z1yAQ0J53eD1RrOl5anTDS0UQOgneERY//hLljwGcWeUX9ynCvOl5qUxAsfWvwsZZGcvV4WKjAvnAtA6N5i+w==",
        "dependencies": {
          "System.Numerics.Tensors": "9.0.0"
        }
      },
      "Microsoft.Windows.SDK.BuildTools.MSIX": {
        "type": "Transitive",
        "resolved": "1.7.251221100",
        "contentHash": "f4aIZJ0NUth2403oxrpR+9rxVzZVI6dabqB21u8ncnk8eJAKCs9m77E4iYAnvP1YwrRe4axz3f8+yUcttNSfEA=="
      },
      "Microsoft.WindowsAppSDK.AI": {
        "type": "Transitive",
        "resolved": "2.4.4",
        "contentHash": "nwgZKIWa97bxP3UYahv9LK1WAftzsEu3x/Ws9hCs5QG9mOf25ODrhv7BOGfYvptEhrh+XhoqCa8etSVQRr8cmw==",
        "dependencies": {
          "Microsoft.WindowsAppSDK.Base": "2.0.4",
          "Microsoft.WindowsAppSDK.Foundation": "2.3.9"
        }
      },
      "Microsoft.WindowsAppSDK.Base": {
        "type": "Transitive",
        "resolved": "2.0.4",
        "contentHash": "QXSy2llX2/Bx9dYWGUEsb10F40q94ZiDnPMzqa2/qRmTG4y9EXxGp6uHITb7c0b4FCa+6KFBlgh6D53M0QEMEg==",
        "dependencies": {
          "Microsoft.Windows.SDK.BuildTools": "10.0.26100.4654",
          "Microsoft.Windows.SDK.BuildTools.MSIX": "1.7.251221100"
        }
      },
      "Microsoft.WindowsAppSDK.DWrite": {
        "type": "Transitive",
        "resolved": "2.1.0",
        "contentHash": "dgix7NSeo7Z8SZPyrsOqYm/6OUvBveHCiVyorYecmtDYoZW26dJ6/i9yveIxgWvmFpgfKXPeIuQBCvhbetHiYg==",
        "dependencies": {
          "Microsoft.WindowsAppSDK.Base": "2.0.3"
        }
      },
      "Microsoft.WindowsAppSDK.Foundation": {
        "type": "Transitive",
        "resolved": "2.3.9",
        "contentHash": "lnfSoKvuMN2nv/NyMDWHX5u2K/tdg8AiyW+z30/YmCbJZp1k38B8/d4pKf+RjgkQbSGbIikN4irae72FXA3X5Q==",
        "dependencies": {
          "Microsoft.WindowsAppSDK.Base": "2.0.4",
          "Microsoft.WindowsAppSDK.InteractiveExperiences": "2.1.3"
        }
      },
      "Microsoft.WindowsAppSDK.InteractiveExperiences": {
        "type": "Transitive",
        "resolved": "2.1.6",
        "contentHash": "j7pyWfsXPQFTEWX22GgC6/JDzliBpwKESJzglCOv8wRJI7SmXiPdYqQnBI2gSKC1slJIpkczVdmmpvHmxPxyOw==",
        "dependencies": {
          "Microsoft.WindowsAppSDK.Base": "2.0.4"
        }
      },
      "Microsoft.WindowsAppSDK.ML": {
        "type": "Transitive",
        "resolved": "2.1.74",
        "contentHash": "9Vd1ikH+n6pbqhgmCn+zNulJ6gIp9Hz9bC++ka1Uphh2gule6HiT6Jr25N/fQoEc4I9xOTKkn3DtlcpHlcocaw==",
        "dependencies": {
          "Microsoft.Windows.AI.MachineLearning": "[2.1.74, 3.0.0)",
          "Microsoft.WindowsAppSDK.Base": "2.0.4",
          "Microsoft.WindowsAppSDK.Foundation": "2.0.21"
        }
      },
      "Microsoft.WindowsAppSDK.Runtime": {
        "type": "Transitive",
        "resolved": "2.4.0",
        "contentHash": "ioljT2/zivSWb6Hc375VPrRrauE5O49OccruHQFI23NdwGERCFBgCr1qCYhFciTxAX9hOMkJeAx0/Wo6Z5y6eg==",
        "dependencies": {
          "Microsoft.WindowsAppSDK.Base": "2.0.4"
        }
      },
      "Microsoft.WindowsAppSDK.Search": {
        "type": "Transitive",
        "resolved": "2.4.4",
        "contentHash": "3IXnSBTBBQpqp3B+0R5FUEzcAHFwq4DVEDukVdqk3nP+X4LA10yPLO/uQgDaxtDxwhMJcEXX3vrKFdQTWSAOwg==",
        "dependencies": {
          "Microsoft.WindowsAppSDK.AI": "[2.4.4]",
          "Microsoft.WindowsAppSDK.Base": "2.0.4",
          "Microsoft.WindowsAppSDK.Foundation": "2.3.9"
        }
      },
      "Microsoft.WindowsAppSDK.Widgets": {
        "type": "Transitive",
        "resolved": "2.0.5",
        "contentHash": "lRz+8+QU65gV8hRzLVE+GRsPKZ42lnzqkmsw96HzQd/DuFYfr4JYpUU7ZZ5YrkV2EfQe4BCmoRKAeZ3WwalMcg==",
        "dependencies": {
          "Microsoft.WindowsAppSDK.Base": "2.0.3"
        }
      },
      "Microsoft.WindowsAppSDK.WinUI": {
        "type": "Transitive",
        "resolved": "2.3.6",
        "contentHash": "01ImKF+wYm2aehRWS2GpKeoBL1RutDcJOUSTSo3fkLjOSr+gKPcUGDAtIUwZcQTvHWOct6hT1jKIdyxbJIhpBA==",
        "dependencies": {
          "Microsoft.Web.WebView2": "1.0.3719.77",
          "Microsoft.WindowsAppSDK.Base": "2.0.4",
          "Microsoft.WindowsAppSDK.Foundation": "2.3.9",
          "Microsoft.WindowsAppSDK.InteractiveExperiences": "2.1.3"
        }
      },
      "Serilog.Extensions.Logging": {
        "type": "Transitive",
        "resolved": "10.0.0",
        "contentHash": "vx0kABKl2dWbBhhqAfTOk53/i8aV/5VaT3a6il9gn72Wqs2pM7EK2OB6No6xdqK2IaY6Zf9gdjLuK9BVa2rT+Q==",
        "dependencies": {
          "Microsoft.Extensions.Logging": "10.0.0",
          "Serilog": "4.2.0"
        }
      },
      "System.Diagnostics.EventLog": {
        "type": "Transitive",
        "resolved": "10.0.11",
        "contentHash": "QTXEoQBzz00SFWbo7nAg1Ogd4f99lwqcO9uAJ7MYSLEUR28f6As32QktrqG2Fr9cfAfd1GjLyGYspE7Ipj7P6w=="
      },
      "System.Numerics.Tensors": {
        "type": "Transitive",
        "resolved": "9.0.0",
        "contentHash": "hyJB4UlpAi19Xr9AXzu2NuagKC4lPfHObNMEAA0HmqFz2rX7wKgzeYzO/jM/eBHDhnUGFFEjk5cOoJaxqg5J4A=="
      },
      "windplay.protocol": {
        "type": "Project",
        "dependencies": {
          "BouncyCastle.Cryptography": "[2.7.0, )",
          "LibALAC": "[1.0.7, )",
          "Makaretu.Dns.Multicast.New": "[0.38.0, )",
          "Microsoft.Extensions.Hosting": "[10.0.11, )",
          "Microsoft.Extensions.Logging.Abstractions": "[10.0.11, )",
          "Rebex.Elliptic.Curve25519": "[1.2.2, )",
          "Rebex.Elliptic.Ed25519": "[1.2.2, )",
          "plist-cil": "[2.3.1, )"
        }
      },
      "BouncyCastle.Cryptography": {
        "type": "CentralTransitive",
        "requested": "[2.7.0, )",
        "resolved": "2.7.0",
        "contentHash": "U+12df8UEWHgBi04YVf/Lgi2dy3SItlIYvHjjEVa/BngCQIzDCDRBk50DDByCfDvSbe5pRNFr3b7UrVK2kMcLw=="
      },
      "LibALAC": {
        "type": "CentralTransitive",
        "requested": "[1.0.7, )",
        "resolved": "1.0.7",
        "contentHash": "bBCxB3odC2O4tAI1WnE5+2OD4sw3/s9nFO9JOYzuSQShXVAqaA6ZhbdjuV2hTWmMqoi61H8KtnCZb4IBAQWs1A=="
      },
      "Makaretu.Dns.Multicast.New": {
        "type": "CentralTransitive",
        "requested": "[0.38.0, )",
        "resolved": "0.38.0",
        "contentHash": "03h8IaKplBxXP842jEnH+VT3JbpSjJ7jjfbaIXDVkd5kWlk+jt59T1P9I1vrnx0jDZzXK1VqzFoD+UZnJesKYg==",
        "dependencies": {
          "Common.Logging": "3.4.1",
          "Makaretu.Dns.New": "3.1.2"
        }
      },
      "Microsoft.Extensions.Logging.Abstractions": {
        "type": "CentralTransitive",
        "requested": "[10.0.11, )",
        "resolved": "10.0.11",
        "contentHash": "Ljd0Uxoq5XpScD2Bg0nM/r3mwx7Ao5Uq24eo2ARxbGvqJ7Zht6rt2cJtwVRH4Cv+1ZVMdXz6TB43KbpmsxRrvQ==",
        "dependencies": {
          "Microsoft.Extensions.DependencyInjection.Abstractions": "10.0.11"
        }
      },
      "plist-cil": {
        "type": "CentralTransitive",
        "requested": "[2.3.1, )",
        "resolved": "2.3.1",
        "contentHash": "Gz6DAc89kQII9BILp1+cFHFx6ftk/s1EWP68vW+YqOT4FRKo/UWzTq6D9PEvudov2xcXHtkTA5JkIL+UK477vg=="
      },
      "Rebex.Elliptic.Curve25519": {
        "type": "CentralTransitive",
        "requested": "[1.2.2, )",
        "resolved": "1.2.2",
        "contentHash": "DDKAk1zP6++FQm0iZFLUnuF+sQxHL1ZrOdKA9LR/lPmJLAIQ/g/kvRTkV3+9lx/JYkvbKoG1GftdodOgA1z/Cg=="
      },
      "Rebex.Elliptic.Ed25519": {
        "type": "CentralTransitive",
        "requested": "[1.2.2, )",
        "resolved": "1.2.2",
        "contentHash": "19Fopd+m6rkrotbA9XY1bJ7BOL1N5cipC6K2RLshY1y6jEGC+5cCl2OgRGDhEda3CQ2vbNQUZORlqUkMTErblw=="
      }
    },
    "net10.0-windows10.0.26100/win-arm64": {
      "Microsoft.Web.WebView2": {
        "type": "Transitive",
        "resolved": "1.0.3719.77",
        "contentHash": "t+ucyKw5NTwMjsUrDF6R9Lk40lpcKQD1/HgyGFxl49tdA4h9dKlsj6FYGEmDRpFNfnTpENuTypMcdbrlkqBdDA=="
      },
      "Microsoft.Windows.AI.MachineLearning": {
        "type": "Transitive",
        "resolved": "2.1.74",
        "contentHash": "/Z1yAQ0J53eD1RrOl5anTDS0UQOgneERY//hLljwGcWeUX9ynCvOl5qUxAsfWvwsZZGcvV4WKjAvnAtA6N5i+w==",
        "dependencies": {
          "System.Numerics.Tensors": "9.0.0"
        }
      },
      "Microsoft.WindowsAppSDK.Foundation": {
        "type": "Transitive",
        "resolved": "2.3.9",
        "contentHash": "lnfSoKvuMN2nv/NyMDWHX5u2K/tdg8AiyW+z30/YmCbJZp1k38B8/d4pKf+RjgkQbSGbIikN4irae72FXA3X5Q==",
        "dependencies": {
          "Microsoft.WindowsAppSDK.Base": "2.0.4",
          "Microsoft.WindowsAppSDK.InteractiveExperiences": "2.1.3"
        }
      },
      "System.Diagnostics.EventLog": {
        "type": "Transitive",
        "resolved": "10.0.11",
        "contentHash": "QTXEoQBzz00SFWbo7nAg1Ogd4f99lwqcO9uAJ7MYSLEUR28f6As32QktrqG2Fr9cfAfd1GjLyGYspE7Ipj7P6w=="
      }
    }
  }
}